
Microsoft Visual Studio Solution File, Format Version 12.00
# Visual Studio Version 17
VisualStudioVersion = 17.0.31903.59
MinimumVisualStudioVersion = 10.0.40219.1
Project("{FAE04EC0-301F-11D3-BF4B-00C04F79EFBC}") = "PawsonalityApp.API", "PawsonalityApp.API\PawsonalityApp.API.csproj", "{492D7698-5CB3-4113-A284-23379F829CDD}"
EndProject
Project("{FAE04EC0-301F-11D3-BF4B-00C04F79EFBC}") = "PawsonalityApp.Tests", "PawsonalityApp.Tests\PawsonalityApp.Tests.csproj", "{437F3BC0-175B-4D4B-8A9A-4F99650A6C48}"
EndProject
Global
	GlobalSection(SolutionConfigurationPlatforms) = preSolution
		Debug|Any CPU = Debug|Any CPU
		Release|Any CPU = Release|Any CPU
	EndGlobalSection
	GlobalSection(SolutionProperties) = preSolution
		HideSolutionNode = FALSE
	EndGlobalSection
	GlobalSection(ProjectConfigurationPlatforms) = postSolution
		{492D7698-5CB3-4113-A284-23379F829CDD}.Debug|Any CPU.ActiveCfg = Debug|Any CPU
		{492D7698-5CB3-4113-A284-23379F829CDD}.Debug|Any CPU.Build.0 = Debug|Any CPU
		{492D7698-5CB3-4113-A284-23379F829CDD}.Release|Any CPU.ActiveCfg = Release|Any CPU
		{492D7698-5CB3-4113-A284-23379F829CDD}.Release|Any CPU.Build.0 = Release|Any CPU
		{437F3BC0-175B-4D4B-8A9A-4F99650A6C48}.Debug|Any CPU.ActiveCfg = Debug|Any CPU
		{437F3BC0-175B-4D4B-8A9A-4F99650A6C48}.Debug|Any CPU.Build.0 = Debug|Any CPU
		{437F3BC0-175B-4D4B-8A9A-4F99650A6C48}.Release|Any CPU.ActiveCfg = Release|Any CPU
		{437F3BC0-175B-4D4B-8A9A-4F99650A6C48}.Release|Any CPU.Build.0 = Release|Any CPU
	EndGlobalSection
EndGlobal
