
Microsoft Visual Studio Solution File, Format Version 12.00
# Visual Studio Version 17
VisualStudioVersion = 17.5.002.0
MinimumVisualStudioVersion = 10.0.40219.1
Project("{9A19103F-16F7-4668-BE54-9A1E7A4F7556}") = "PawsonalityApp.API", "PawsonalityApp.API.csproj", "{9A9FAA62-AFAA-45C1-AA1B-73F0617FA9F0}"
EndProject
Global
	GlobalSection(SolutionConfigurationPlatforms) = preSolution
		Debug|Any CPU = Debug|Any CPU
		Release|Any CPU = Release|Any CPU
	EndGlobalSection
	GlobalSection(ProjectConfigurationPlatforms) = postSolution
		{9A9FAA62-AFAA-45C1-AA1B-73F0617FA9F0}.Debug|Any CPU.ActiveCfg = Debug|Any CPU
		{9A9FAA62-AFAA-45C1-AA1B-73F0617FA9F0}.Debug|Any CPU.Build.0 = Debug|Any CPU
		{9A9FAA62-AFAA-45C1-AA1B-73F0617FA9F0}.Release|Any CPU.ActiveCfg = Release|Any CPU
		{9A9FAA62-AFAA-45C1-AA1B-73F0617FA9F0}.Release|Any CPU.Build.0 = Release|Any CPU
	EndGlobalSection
	GlobalSection(SolutionProperties) = preSolution
		HideSolutionNode = FALSE
	EndGlobalSection
	GlobalSection(ExtensibilityGlobals) = postSolution
		SolutionGuid = {5A994992-D449-4248-BEBB-55D3AF33C530}
	EndGlobalSection
EndGlobal
